
Microsoft Visual Studio Solution File, Format Version 12.00
# Visual Studio 15
VisualStudioVersion = 15.0.28307.438
MinimumVisualStudioVersion = 10.0.40219.1
Project("{FAE04EC0-301F-11D3-BF4B-00C04F79EFBC}") = "Broke_v01.Android", "Broke_v01\Broke_v01.Android\Broke_v01.Android.csproj", "{2648C7A2-257E-41E5-A9E9-0F52D6C95713}"
EndProject
Project("{FAE04EC0-301F-11D3-BF4B-00C04F79EFBC}") = "Broke_v01.iOS", "Broke_v01\Broke_v01.iOS\Broke_v01.iOS.csproj", "{A20BD99B-043B-4D4C-8C81-CCC5060D6BD4}"
EndProject
Project("{9A19103F-16F7-4668-BE54-9A1E7A4F7556}") = "Broke_v01", "Broke_v01\Broke_v01\Broke_v01.csproj", "{A2FCDDD9-FD0A-4533-AFEC-E47D93F808DF}"
EndProject
Global
	GlobalSection(SolutionConfigurationPlatforms) = preSolution
		Ad-Hoc|Any CPU = Ad-Hoc|Any CPU
		Ad-Hoc|iPhone = Ad-Hoc|iPhone
		Ad-Hoc|iPhoneSimulator = Ad-Hoc|iPhoneSimulator
		AppStore|Any CPU = AppStore|Any CPU
		AppStore|iPhone = AppStore|iPhone
		AppStore|iPhoneSimulator = AppStore|iPhoneSimulator
		Debug|Any CPU = Debug|Any CPU
		Debug|iPhone = Debug|iPhone
		Debug|iPhoneSimulator = Debug|iPhoneSimulator
		Release|Any CPU = Release|Any CPU
		Release|iPhone = Release|iPhone
		Release|iPhoneSimulator = Release|iPhoneSimulator
	EndGlobalSection
	GlobalSection(ProjectConfigurationPlatforms) = postSolution
		{2648C7A2-257E-41E5-A9E9-0F52D6C95713}.Ad-Hoc|Any CPU.ActiveCfg = Release|Any CPU
		{2648C7A2-257E-41E5-A9E9-0F52D6C95713}.Ad-Hoc|Any CPU.Build.0 = Release|Any CPU
		{2648C7A2-257E-41E5-A9E9-0F52D6C95713}.Ad-Hoc|Any CPU.Deploy.0 = Release|Any CPU
		{2648C7A2-257E-41E5-A9E9-0F52D6C95713}.Ad-Hoc|iPhone.ActiveCfg = Release|Any CPU
		{2648C7A2-257E-41E5-A9E9-0F52D6C95713}.Ad-Hoc|iPhone.Build.0 = Release|Any CPU
		{2648C7A2-257E-41E5-A9E9-0F52D6C95713}.Ad-Hoc|iPhone.Deploy.0 = Release|Any CPU
		{2648C7A2-257E-41E5-A9E9-0F52D6C95713}.Ad-Hoc|iPhoneSimulator.ActiveCfg = Release|Any CPU
		{2648C7A2-257E-41E5-A9E9-0F52D6C95713}.Ad-Hoc|iPhoneSimulator.Build.0 = Release|Any CPU
		{2648C7A2-257E-41E5-A9E9-0F52D6C95713}.Ad-Hoc|iPhoneSimulator.Deploy.0 = Release|Any CPU
		{2648C7A2-257E-41E5-A9E9-0F52D6C95713}.AppStore|Any CPU.ActiveCfg = Release|Any CPU
		{2648C7A2-257E-41E5-A9E9-0F52D6C95713}.AppStore|Any CPU.Build.0 = Release|Any CPU
		{2648C7A2-257E-41E5-A9E9-0F52D6C95713}.AppStore|Any CPU.Deploy.0 = Release|Any CPU
		{2648C7A2-257E-41E5-A9E9-0F52D6C95713}.AppStore|iPhone.ActiveCfg = Release|Any CPU
		{2648C7A2-257E-41E5-A9E9-0F52D6C95713}.AppStore|iPhone.Build.0 = Release|Any CPU
		{2648C7A2-257E-41E5-A9E9-0F52D6C95713}.AppStore|iPhone.Deploy.0 = Release|Any CPU
		{2648C7A2-257E-41E5-A9E9-0F52D6C95713}.AppStore|iPhoneSimulator.ActiveCfg = Release|Any CPU
		{2648C7A2-257E-41E5-A9E9-0F52D6C95713}.AppStore|iPhoneSimulator.Build.0 = Release|Any CPU
		{2648C7A2-257E-41E5-A9E9-0F52D6C95713}.AppStore|iPhoneSimulator.Deploy.0 = Release|Any CPU
		{2648C7A2-257E-41E5-A9E9-0F52D6C95713}.Debug|Any CPU.ActiveCfg = Debug|Any CPU
		{2648C7A2-257E-41E5-A9E9-0F52D6C95713}.Debug|Any CPU.Build.0 = Debug|Any CPU
		{2648C7A2-257E-41E5-A9E9-0F52D6C95713}.Debug|Any CPU.Deploy.0 = Debug|Any CPU
		{2648C7A2-257E-41E5-A9E9-0F52D6C95713}.Debug|iPhone.ActiveCfg = Debug|Any CPU
		{2648C7A2-257E-41E5-A9E9-0F52D6C95713}.Debug|iPhone.Build.0 = Debug|Any CPU
		{2648C7A2-257E-41E5-A9E9-0F52D6C95713}.Debug|iPhone.Deploy.0 = Debug|Any CPU
		{2648C7A2-257E-41E5-A9E9-0F52D6C95713}.Debug|iPhoneSimulator.ActiveCfg = Debug|Any CPU
		{2648C7A2-257E-41E5-A9E9-0F52D6C95713}.Debug|iPhoneSimulator.Build.0 = Debug|Any CPU
		{2648C7A2-257E-41E5-A9E9-0F52D6C95713}.Debug|iPhoneSimulator.Deploy.0 = Debug|Any CPU
		{2648C7A2-257E-41E5-A9E9-0F52D6C95713}.Release|Any CPU.ActiveCfg = Release|Any CPU
		{2648C7A2-257E-41E5-A9E9-0F52D6C95713}.Release|Any CPU.Build.0 = Release|Any CPU
		{2648C7A2-257E-41E5-A9E9-0F52D6C95713}.Release|Any CPU.Deploy.0 = Release|Any CPU
		{2648C7A2-257E-41E5-A9E9-0F52D6C95713}.Release|iPhone.ActiveCfg = Release|Any CPU
		{2648C7A2-257E-41E5-A9E9-0F52D6C95713}.Release|iPhone.Build.0 = Release|Any CPU
		{2648C7A2-257E-41E5-A9E9-0F52D6C95713}.Release|iPhone.Deploy.0 = Release|Any CPU
		{2648C7A2-257E-41E5-A9E9-0F52D6C95713}.Release|iPhoneSimulator.ActiveCfg = Release|Any CPU
		{2648C7A2-257E-41E5-A9E9-0F52D6C95713}.Release|iPhoneSimulator.Build.0 = Release|Any CPU
		{2648C7A2-257E-41E5-A9E9-0F52D6C95713}.Release|iPhoneSimulator.Deploy.0 = Release|Any CPU
		{A20BD99B-043B-4D4C-8C81-CCC5060D6BD4}.Ad-Hoc|Any CPU.ActiveCfg = Ad-Hoc|iPhone
		{A20BD99B-043B-4D4C-8C81-CCC5060D6BD4}.Ad-Hoc|Any CPU.Build.0 = Ad-Hoc|iPhone
		{A20BD99B-043B-4D4C-8C81-CCC5060D6BD4}.Ad-Hoc|Any CPU.Deploy.0 = Ad-Hoc|iPhone
		{A20BD99B-043B-4D4C-8C81-CCC5060D6BD4}.Ad-Hoc|iPhone.ActiveCfg = Ad-Hoc|iPhone
		{A20BD99B-043B-4D4C-8C81-CCC5060D6BD4}.Ad-Hoc|iPhone.Build.0 = Ad-Hoc|iPhone
		{A20BD99B-043B-4D4C-8C81-CCC5060D6BD4}.Ad-Hoc|iPhone.Deploy.0 = Ad-Hoc|iPhone
		{A20BD99B-043B-4D4C-8C81-CCC5060D6BD4}.Ad-Hoc|iPhoneSimulator.ActiveCfg = Ad-Hoc|iPhoneSimulator
		{A20BD99B-043B-4D4C-8C81-CCC5060D6BD4}.Ad-Hoc|iPhoneSimulator.Build.0 = Ad-Hoc|iPhoneSimulator
		{A20BD99B-043B-4D4C-8C81-CCC5060D6BD4}.Ad-Hoc|iPhoneSimulator.Deploy.0 = Ad-Hoc|iPhoneSimulator
		{A20BD99B-043B-4D4C-8C81-CCC5060D6BD4}.AppStore|Any CPU.ActiveCfg = AppStore|iPhone
		{A20BD99B-043B-4D4C-8C81-CCC5060D6BD4}.AppStore|Any CPU.Build.0 = AppStore|iPhone
		{A20BD99B-043B-4D4C-8C81-CCC5060D6BD4}.AppStore|Any CPU.Deploy.0 = AppStore|iPhone
		{A20BD99B-043B-4D4C-8C81-CCC5060D6BD4}.AppStore|iPhone.ActiveCfg = AppStore|iPhone
		{A20BD99B-043B-4D4C-8C81-CCC5060D6BD4}.AppStore|iPhone.Build.0 = AppStore|iPhone
		{A20BD99B-043B-4D4C-8C81-CCC5060D6BD4}.AppStore|iPhone.Deploy.0 = AppStore|iPhone
		{A20BD99B-043B-4D4C-8C81-CCC5060D6BD4}.AppStore|iPhoneSimulator.ActiveCfg = AppStore|iPhoneSimulator
		{A20BD99B-043B-4D4C-8C81-CCC5060D6BD4}.AppStore|iPhoneSimulator.Build.0 = AppStore|iPhoneSimulator
		{A20BD99B-043B-4D4C-8C81-CCC5060D6BD4}.AppStore|iPhoneSimulator.Deploy.0 = AppStore|iPhoneSimulator
		{A20BD99B-043B-4D4C-8C81-CCC5060D6BD4}.Debug|Any CPU.ActiveCfg = Debug|iPhoneSimulator
		{A20BD99B-043B-4D4C-8C81-CCC5060D6BD4}.Debug|Any CPU.Build.0 = Debug|iPhoneSimulator
		{A20BD99B-043B-4D4C-8C81-CCC5060D6BD4}.Debug|Any CPU.Deploy.0 = Debug|iPhoneSimulator
		{A20BD99B-043B-4D4C-8C81-CCC5060D6BD4}.Debug|iPhone.ActiveCfg = Debug|iPhone
		{A20BD99B-043B-4D4C-8C81-CCC5060D6BD4}.Debug|iPhone.Build.0 = Debug|iPhone
		{A20BD99B-043B-4D4C-8C81-CCC5060D6BD4}.Debug|iPhone.Deploy.0 = Debug|iPhone
		{A20BD99B-043B-4D4C-8C81-CCC5060D6BD4}.Debug|iPhoneSimulator.ActiveCfg = Debug|iPhoneSimulator
		{A20BD99B-043B-4D4C-8C81-CCC5060D6BD4}.Debug|iPhoneSimulator.Build.0 = Debug|iPhoneSimulator
		{A20BD99B-043B-4D4C-8C81-CCC5060D6BD4}.Debug|iPhoneSimulator.Deploy.0 = Debug|iPhoneSimulator
		{A20BD99B-043B-4D4C-8C81-CCC5060D6BD4}.Release|Any CPU.ActiveCfg = Release|iPhone
		{A20BD99B-043B-4D4C-8C81-CCC5060D6BD4}.Release|Any CPU.Build.0 = Release|iPhone
		{A20BD99B-043B-4D4C-8C81-CCC5060D6BD4}.Release|Any CPU.Deploy.0 = Release|iPhone
		{A20BD99B-043B-4D4C-8C81-CCC5060D6BD4}.Release|iPhone.ActiveCfg = Release|iPhone
		{A20BD99B-043B-4D4C-8C81-CCC5060D6BD4}.Release|iPhone.Build.0 = Release|iPhone
		{A20BD99B-043B-4D4C-8C81-CCC5060D6BD4}.Release|iPhone.Deploy.0 = Release|iPhone
		{A20BD99B-043B-4D4C-8C81-CCC5060D6BD4}.Release|iPhoneSimulator.ActiveCfg = Release|iPhoneSimulator
		{A20BD99B-043B-4D4C-8C81-CCC5060D6BD4}.Release|iPhoneSimulator.Build.0 = Release|iPhoneSimulator
		{A20BD99B-043B-4D4C-8C81-CCC5060D6BD4}.Release|iPhoneSimulator.Deploy.0 = Release|iPhoneSimulator
		{A2FCDDD9-FD0A-4533-AFEC-E47D93F808DF}.Ad-Hoc|Any CPU.ActiveCfg = Debug|Any CPU
		{A2FCDDD9-FD0A-4533-AFEC-E47D93F808DF}.Ad-Hoc|Any CPU.Build.0 = Debug|Any CPU
		{A2FCDDD9-FD0A-4533-AFEC-E47D93F808DF}.Ad-Hoc|Any CPU.Deploy.0 = Debug|Any CPU
		{A2FCDDD9-FD0A-4533-AFEC-E47D93F808DF}.Ad-Hoc|iPhone.ActiveCfg = Debug|Any CPU
		{A2FCDDD9-FD0A-4533-AFEC-E47D93F808DF}.Ad-Hoc|iPhone.Build.0 = Debug|Any CPU
		{A2FCDDD9-FD0A-4533-AFEC-E47D93F808DF}.Ad-Hoc|iPhone.Deploy.0 = Debug|Any CPU
		{A2FCDDD9-FD0A-4533-AFEC-E47D93F808DF}.Ad-Hoc|iPhoneSimulator.ActiveCfg = Debug|Any CPU
		{A2FCDDD9-FD0A-4533-AFEC-E47D93F808DF}.Ad-Hoc|iPhoneSimulator.Build.0 = Debug|Any CPU
		{A2FCDDD9-FD0A-4533-AFEC-E47D93F808DF}.Ad-Hoc|iPhoneSimulator.Deploy.0 = Debug|Any CPU
		{A2FCDDD9-FD0A-4533-AFEC-E47D93F808DF}.AppStore|Any CPU.ActiveCfg = Debug|Any CPU
		{A2FCDDD9-FD0A-4533-AFEC-E47D93F808DF}.AppStore|Any CPU.Build.0 = Debug|Any CPU
		{A2FCDDD9-FD0A-4533-AFEC-E47D93F808DF}.AppStore|Any CPU.Deploy.0 = Debug|Any CPU
		{A2FCDDD9-FD0A-4533-AFEC-E47D93F808DF}.AppStore|iPhone.ActiveCfg = Debug|Any CPU
		{A2FCDDD9-FD0A-4533-AFEC-E47D93F808DF}.AppStore|iPhone.Build.0 = Debug|Any CPU
		{A2FCDDD9-FD0A-4533-AFEC-E47D93F808DF}.AppStore|iPhone.Deploy.0 = Debug|Any CPU
		{A2FCDDD9-FD0A-4533-AFEC-E47D93F808DF}.AppStore|iPhoneSimulator.ActiveCfg = Debug|Any CPU
		{A2FCDDD9-FD0A-4533-AFEC-E47D93F808DF}.AppStore|iPhoneSimulator.Build.0 = Debug|Any CPU
		{A2FCDDD9-FD0A-4533-AFEC-E47D93F808DF}.AppStore|iPhoneSimulator.Deploy.0 = Debug|Any CPU
		{A2FCDDD9-FD0A-4533-AFEC-E47D93F808DF}.Debug|Any CPU.ActiveCfg = Debug|Any CPU
		{A2FCDDD9-FD0A-4533-AFEC-E47D93F808DF}.Debug|Any CPU.Build.0 = Debug|Any CPU
		{A2FCDDD9-FD0A-4533-AFEC-E47D93F808DF}.Debug|Any CPU.Deploy.0 = Debug|Any CPU
		{A2FCDDD9-FD0A-4533-AFEC-E47D93F808DF}.Debug|iPhone.ActiveCfg = Debug|Any CPU
		{A2FCDDD9-FD0A-4533-AFEC-E47D93F808DF}.Debug|iPhone.Build.0 = Debug|Any CPU
		{A2FCDDD9-FD0A-4533-AFEC-E47D93F808DF}.Debug|iPhone.Deploy.0 = Debug|Any CPU
		{A2FCDDD9-FD0A-4533-AFEC-E47D93F808DF}.Debug|iPhoneSimulator.ActiveCfg = Debug|Any CPU
		{A2FCDDD9-FD0A-4533-AFEC-E47D93F808DF}.Debug|iPhoneSimulator.Build.0 = Debug|Any CPU
		{A2FCDDD9-FD0A-4533-AFEC-E47D93F808DF}.Debug|iPhoneSimulator.Deploy.0 = Debug|Any CPU
		{A2FCDDD9-FD0A-4533-AFEC-E47D93F808DF}.Release|Any CPU.ActiveCfg = Release|Any CPU
		{A2FCDDD9-FD0A-4533-AFEC-E47D93F808DF}.Release|Any CPU.Build.0 = Release|Any CPU
		{A2FCDDD9-FD0A-4533-AFEC-E47D93F808DF}.Release|Any CPU.Deploy.0 = Release|Any CPU
		{A2FCDDD9-FD0A-4533-AFEC-E47D93F808DF}.Release|iPhone.ActiveCfg = Release|Any CPU
		{A2FCDDD9-FD0A-4533-AFEC-E47D93F808DF}.Release|iPhone.Build.0 = Release|Any CPU
		{A2FCDDD9-FD0A-4533-AFEC-E47D93F808DF}.Release|iPhone.Deploy.0 = Release|Any CPU
		{A2FCDDD9-FD0A-4533-AFEC-E47D93F808DF}.Release|iPhoneSimulator.ActiveCfg = Release|Any CPU
		{A2FCDDD9-FD0A-4533-AFEC-E47D93F808DF}.Release|iPhoneSimulator.Build.0 = Release|Any CPU
		{A2FCDDD9-FD0A-4533-AFEC-E47D93F808DF}.Release|iPhoneSimulator.Deploy.0 = Release|Any CPU
	EndGlobalSection
	GlobalSection(SolutionProperties) = preSolution
		HideSolutionNode = FALSE
	EndGlobalSection
	GlobalSection(ExtensibilityGlobals) = postSolution
		SolutionGuid = {25096FE7-A070-43A8-B15D-6A9DDEBBF5F3}
	EndGlobalSection
EndGlobal
